{
  "name": "gata-tests",
  "version": "1.0.0",
  "lockfileVersion": 2,
  "requires": true,
  "packages": {
    "": {
      "name": "gata-tests",
      "version": "1.0.0",
      "license": "ISC",
      "dependencies": {
        "dotenv": "^16.0.2"
      },
      "devDependencies": {
        "@playwright/test": "1.30.0"
      }
    },
    "node_modules/@playwright/test": {
      "version": "1.30.0",
      "resolved": "https://registry.npmjs.org/@playwright/test/-/test-1.30.0.tgz",
      "integrity": "sha512-SVxkQw1xvn/Wk/EvBnqWIq6NLo1AppwbYOjNLmyU0R1RoQ3rLEBtmjTnElcnz8VEtn11fptj1ECxK0tgURhajw==",
      "dev": true,
      "dependencies": {
        "@types/node": "*",
        "playwright-core": "1.30.0"
      },
      "bin": {
        "playwright": "cli.js"
      },
      "engines": {
        "node": ">=14"
      }
    },
    "node_modules/@types/node": {
      "version": "18.7.19",
      "resolved": "https://registry.npmjs.org/@types/node/-/node-18.7.19.tgz",
      "integrity": "sha512-Sq1itGUKUX1ap7GgZlrzdBydjbsJL/NSQt/4wkAxUJ7/OS5c2WkoN6WSpWc2Yc5wtKMZOUA0VCs/j2XJadN3HA==",
      "dev": true
    },
    "node_modules/dotenv": {
      "version": "16.0.2",
      "resolved": "https://registry.npmjs.org/dotenv/-/dotenv-16.0.2.tgz",
      "integrity": "sha512-JvpYKUmzQhYoIFgK2MOnF3bciIZoItIIoryihy0rIA+H4Jy0FmgyKYAHCTN98P5ybGSJcIFbh6QKeJdtZd1qhA==",
      "engines": {
        "node": ">=12"
      }
    },
    "node_modules/playwright-core": {
      "version": "1.30.0",
      "resolved": "https://registry.npmjs.org/playwright-core/-/playwright-core-1.30.0.tgz",
      "integrity": "sha512-7AnRmTCf+GVYhHbLJsGUtskWTE33SwMZkybJ0v6rqR1boxq2x36U7p1vDRV7HO2IwTZgmycracLxPEJI49wu4g==",
      "dev": true,
      "bin": {
        "playwright": "cli.js"
      },
      "engines": {
        "node": ">=14"
      }
    }
  },
  "dependencies": {
    "@playwright/test": {
      "version": "1.30.0",
      "resolved": "https://registry.npmjs.org/@playwright/test/-/test-1.30.0.tgz",
      "integrity": "sha512-SVxkQw1xvn/Wk/EvBnqWIq6NLo1AppwbYOjNLmyU0R1RoQ3rLEBtmjTnElcnz8VEtn11fptj1ECxK0tgURhajw==",
      "dev": true,
      "requires": {
        "@types/node": "*",
        "playwright-core": "1.30.0"
      }
    },
    "@types/node": {
      "version": "18.7.19",
      "resolved": "https://registry.npmjs.org/@types/node/-/node-18.7.19.tgz",
      "integrity": "sha512-Sq1itGUKUX1ap7GgZlrzdBydjbsJL/NSQt/4wkAxUJ7/OS5c2WkoN6WSpWc2Yc5wtKMZOUA0VCs/j2XJadN3HA==",
      "dev": true
    },
    "dotenv": {
      "version": "16.0.2",
      "resolved": "https://registry.npmjs.org/dotenv/-/dotenv-16.0.2.tgz",
      "integrity": "sha512-JvpYKUmzQhYoIFgK2MOnF3bciIZoItIIoryihy0rIA+H4Jy0FmgyKYAHCTN98P5ybGSJcIFbh6QKeJdtZd1qhA=="
    },
    "playwright-core": {
      "version": "1.30.0",
      "resolved": "https://registry.npmjs.org/playwright-core/-/playwright-core-1.30.0.tgz",
      "integrity": "sha512-7AnRmTCf+GVYhHbLJsGUtskWTE33SwMZkybJ0v6rqR1boxq2x36U7p1vDRV7HO2IwTZgmycracLxPEJI49wu4g==",
      "dev": true
    }
  }
}
